
Microsoft Visual Studio Solution File, Format Version 12.00
# Visual Studio 2012
Project("{FAE04EC0-301F-11D3-BF4B-00C04F79EFBC}") = "RevMob.iOS", "RevMob.iOS.csproj", "{8E29AB44-5464-412F-95D1-0A01B111816F}"
EndProject
Project("{FAE04EC0-301F-11D3-BF4B-00C04F79EFBC}") = "Sample Project", "Sample\Sample Project.csproj", "{C89A9265-6CA7-4574-BD70-572085081379}"
EndProject
Global
	GlobalSection(SolutionConfigurationPlatforms) = preSolution
		Debug|Any CPU = Debug|Any CPU
		Release|Any CPU = Release|Any CPU
		Debug|iPhoneSimulator = Debug|iPhoneSimulator
		Release|iPhoneSimulator = Release|iPhoneSimulator
		Debug|iPhone = Debug|iPhone
		Release|iPhone = Release|iPhone
		Ad-Hoc|iPhone = Ad-Hoc|iPhone
		AppStore|iPhone = AppStore|iPhone
	EndGlobalSection
	GlobalSection(ProjectConfigurationPlatforms) = postSolution
		{8E29AB44-5464-412F-95D1-0A01B111816F}.Ad-Hoc|iPhone.ActiveCfg = Debug|Any CPU
		{8E29AB44-5464-412F-95D1-0A01B111816F}.Ad-Hoc|iPhone.Build.0 = Debug|Any CPU
		{8E29AB44-5464-412F-95D1-0A01B111816F}.AppStore|iPhone.ActiveCfg = Debug|Any CPU
		{8E29AB44-5464-412F-95D1-0A01B111816F}.AppStore|iPhone.Build.0 = Debug|Any CPU
		{8E29AB44-5464-412F-95D1-0A01B111816F}.Debug|Any CPU.ActiveCfg = Debug|Any CPU
		{8E29AB44-5464-412F-95D1-0A01B111816F}.Debug|Any CPU.Build.0 = Debug|Any CPU
		{8E29AB44-5464-412F-95D1-0A01B111816F}.Debug|iPhone.ActiveCfg = Debug|Any CPU
		{8E29AB44-5464-412F-95D1-0A01B111816F}.Debug|iPhone.Build.0 = Debug|Any CPU
		{8E29AB44-5464-412F-95D1-0A01B111816F}.Debug|iPhoneSimulator.ActiveCfg = Debug|Any CPU
		{8E29AB44-5464-412F-95D1-0A01B111816F}.Debug|iPhoneSimulator.Build.0 = Debug|Any CPU
		{8E29AB44-5464-412F-95D1-0A01B111816F}.Release|Any CPU.ActiveCfg = Release|Any CPU
		{8E29AB44-5464-412F-95D1-0A01B111816F}.Release|Any CPU.Build.0 = Release|Any CPU
		{8E29AB44-5464-412F-95D1-0A01B111816F}.Release|iPhone.ActiveCfg = Release|Any CPU
		{8E29AB44-5464-412F-95D1-0A01B111816F}.Release|iPhone.Build.0 = Release|Any CPU
		{8E29AB44-5464-412F-95D1-0A01B111816F}.Release|iPhoneSimulator.ActiveCfg = Release|Any CPU
		{8E29AB44-5464-412F-95D1-0A01B111816F}.Release|iPhoneSimulator.Build.0 = Release|Any CPU
		{C89A9265-6CA7-4574-BD70-572085081379}.Ad-Hoc|iPhone.ActiveCfg = Ad-Hoc|iPhone
		{C89A9265-6CA7-4574-BD70-572085081379}.Ad-Hoc|iPhone.Build.0 = Ad-Hoc|iPhone
		{C89A9265-6CA7-4574-BD70-572085081379}.AppStore|iPhone.ActiveCfg = AppStore|iPhone
		{C89A9265-6CA7-4574-BD70-572085081379}.AppStore|iPhone.Build.0 = AppStore|iPhone
		{C89A9265-6CA7-4574-BD70-572085081379}.Debug|Any CPU.ActiveCfg = Debug|iPhoneSimulator
		{C89A9265-6CA7-4574-BD70-572085081379}.Debug|Any CPU.Build.0 = Debug|iPhoneSimulator
		{C89A9265-6CA7-4574-BD70-572085081379}.Debug|iPhone.ActiveCfg = Debug|iPhone
		{C89A9265-6CA7-4574-BD70-572085081379}.Debug|iPhone.Build.0 = Debug|iPhone
		{C89A9265-6CA7-4574-BD70-572085081379}.Debug|iPhoneSimulator.ActiveCfg = Debug|iPhoneSimulator
		{C89A9265-6CA7-4574-BD70-572085081379}.Debug|iPhoneSimulator.Build.0 = Debug|iPhoneSimulator
		{C89A9265-6CA7-4574-BD70-572085081379}.Release|Any CPU.ActiveCfg = Release|iPhoneSimulator
		{C89A9265-6CA7-4574-BD70-572085081379}.Release|Any CPU.Build.0 = Release|iPhoneSimulator
		{C89A9265-6CA7-4574-BD70-572085081379}.Release|iPhone.ActiveCfg = Release|iPhone
		{C89A9265-6CA7-4574-BD70-572085081379}.Release|iPhone.Build.0 = Release|iPhone
		{C89A9265-6CA7-4574-BD70-572085081379}.Release|iPhoneSimulator.ActiveCfg = Release|iPhoneSimulator
		{C89A9265-6CA7-4574-BD70-572085081379}.Release|iPhoneSimulator.Build.0 = Release|iPhoneSimulator
	EndGlobalSection
EndGlobal
